
Microsoft Visual Studio Solution File, Format Version 12.00
# Visual Studio 14
VisualStudioVersion = 14.0.25420.1
MinimumVisualStudioVersion = 10.0.40219.1
Project("{FAE04EC0-301F-11D3-BF4B-00C04F79EFBC}") = "MVCPanthers6jan2020", "MVCPanthers6jan2020\MVCPanthers6jan2020.csproj", "{FE564919-0877-4218-AA25-01711B1FC879}"
EndProject
Project("{FAE04EC0-301F-11D3-BF4B-00C04F79EFBC}") = "AdoNetExample", "AdoNetExample\AdoNetExample.csproj", "{C7213504-42A7-4C5A-9876-D6336F859BF0}"
EndProject
Global
	GlobalSection(SolutionConfigurationPlatforms) = preSolution
		Debug|Any CPU = Debug|Any CPU
		Release|Any CPU = Release|Any CPU
	EndGlobalSection
	GlobalSection(ProjectConfigurationPlatforms) = postSolution
		{FE564919-0877-4218-AA25-01711B1FC879}.Debug|Any CPU.ActiveCfg = Debug|Any CPU
		{FE564919-0877-4218-AA25-01711B1FC879}.Debug|Any CPU.Build.0 = Debug|Any CPU
		{FE564919-0877-4218-AA25-01711B1FC879}.Release|Any CPU.ActiveCfg = Release|Any CPU
		{FE564919-0877-4218-AA25-01711B1FC879}.Release|Any CPU.Build.0 = Release|Any CPU
		{C7213504-42A7-4C5A-9876-D6336F859BF0}.Debug|Any CPU.ActiveCfg = Debug|Any CPU
		{C7213504-42A7-4C5A-9876-D6336F859BF0}.Debug|Any CPU.Build.0 = Debug|Any CPU
		{C7213504-42A7-4C5A-9876-D6336F859BF0}.Release|Any CPU.ActiveCfg = Release|Any CPU
		{C7213504-42A7-4C5A-9876-D6336F859BF0}.Release|Any CPU.Build.0 = Release|Any CPU
	EndGlobalSection
	GlobalSection(SolutionProperties) = preSolution
		HideSolutionNode = FALSE
	EndGlobalSection
EndGlobal
